
Microsoft Visual Studio Solution File, Format Version 12.00
# Visual Studio 15
VisualStudioVersion = 15.0.26730.12
MinimumVisualStudioVersion = 10.0.40219.1
Project("{FAE04EC0-301F-11D3-BF4B-00C04F79EFBC}") = "TestGit", "TestGit\TestGit.csproj", "{FAA7E09F-FBA0-47E9-B322-20D8401EB905}"
EndProject
Global
	GlobalSection(SolutionConfigurationPlatforms) = preSolution
		Debug|Any CPU = Debug|Any CPU
		Release|Any CPU = Release|Any CPU
	EndGlobalSection
	GlobalSection(ProjectConfigurationPlatforms) = postSolution
		{FAA7E09F-FBA0-47E9-B322-20D8401EB905}.Debug|Any CPU.ActiveCfg = Debug|Any CPU
		{FAA7E09F-FBA0-47E9-B322-20D8401EB905}.Debug|Any CPU.Build.0 = Debug|Any CPU
		{FAA7E09F-FBA0-47E9-B322-20D8401EB905}.Release|Any CPU.ActiveCfg = Release|Any CPU
		{FAA7E09F-FBA0-47E9-B322-20D8401EB905}.Release|Any CPU.Build.0 = Release|Any CPU
	EndGlobalSection
	GlobalSection(SolutionProperties) = preSolution
		HideSolutionNode = FALSE
	EndGlobalSection
	GlobalSection(ExtensibilityGlobals) = postSolution
		SolutionGuid = {38D2B228-B821-4ADD-BBDD-C9B3469C9899}
	EndGlobalSection
EndGlobal
